
Microsoft Visual Studio Solution File, Format Version 12.00
# Visual Studio 14
VisualStudioVersion = 14.0.25420.1
MinimumVisualStudioVersion = 10.0.40219.1
Project("{FAE04EC0-301F-11D3-BF4B-00C04F79EFBC}") = "B19 EX01 Ben 305401317 Dana 311358543", "B19 EX01 Ben 305401317 Dana 311358543\B19 EX01 Ben 305401317 Dana 311358543.csproj", "{E919526A-BF1D-479A-AB5D-A925D3308F6A}"
EndProject
Project("{FAE04EC0-301F-11D3-BF4B-00C04F79EFBC}") = "FacebookDesktopLogic", "FacebookDesktopLogic\FacebookDesktopLogic.csproj", "{A9500C99-76C7-4D50-9364-9387D84D7C10}"
EndProject
Project("{2150E333-8FDC-42A3-9474-1A3956D46DE8}") = "Solution Items", "Solution Items", "{E38DEAD0-B5C7-40C4-B640-F1277B4E65BA}"
	ProjectSection(SolutionItems) = preProject
		B19 Ex01 Ben 305401317 Dana 311358543.docx = B19 Ex01 Ben 305401317 Dana 311358543.docx
	EndProjectSection
EndProject
Global
	GlobalSection(SolutionConfigurationPlatforms) = preSolution
		Debug|Any CPU = Debug|Any CPU
		Release|Any CPU = Release|Any CPU
	EndGlobalSection
	GlobalSection(ProjectConfigurationPlatforms) = postSolution
		{E919526A-BF1D-479A-AB5D-A925D3308F6A}.Debug|Any CPU.ActiveCfg = Debug|Any CPU
		{E919526A-BF1D-479A-AB5D-A925D3308F6A}.Debug|Any CPU.Build.0 = Debug|Any CPU
		{E919526A-BF1D-479A-AB5D-A925D3308F6A}.Release|Any CPU.ActiveCfg = Release|Any CPU
		{E919526A-BF1D-479A-AB5D-A925D3308F6A}.Release|Any CPU.Build.0 = Release|Any CPU
		{A9500C99-76C7-4D50-9364-9387D84D7C10}.Debug|Any CPU.ActiveCfg = Debug|Any CPU
		{A9500C99-76C7-4D50-9364-9387D84D7C10}.Debug|Any CPU.Build.0 = Debug|Any CPU
		{A9500C99-76C7-4D50-9364-9387D84D7C10}.Release|Any CPU.ActiveCfg = Release|Any CPU
		{A9500C99-76C7-4D50-9364-9387D84D7C10}.Release|Any CPU.Build.0 = Release|Any CPU
	EndGlobalSection
	GlobalSection(SolutionProperties) = preSolution
		HideSolutionNode = FALSE
	EndGlobalSection
EndGlobal
